github.com/kencode6/leetcode v0.0.0-20210209075742-b4d50bc1cc51 h1:0avWwX8ts0TDbm52IAUpaPHz7TLbbiV62ZWUCmf+EbI=
github.com/kencode6/leetcode v0.0.0-20210209075742-b4d50bc1cc51/go.mod h1:MbHgx6E3OzVUZCssMj5q+Ittqz6GCr33rOnPYP9Dsr8=
github.com/theothertomelliott/acyclic v0.0.0-20180926180839-eba177c77c8a h1:VE0Lt6y6rdH5Qw/U7JBZ8jw8N/t9NmzCiWf0nXGBusQ=
github.com/theothertomelliott/acyclic v0.0.0-20180926180839-eba177c77c8a/go.mod h1:Lf1fgDzzzm31NWJNN1fjs0b0ozYFgalZM/lxm2AK+68=
gopkg.in/check.v1 v0.0.0-20161208181325-20d25e280405 h1:yhCVgyC4o1eVCa2tZl7eS0r+SDo693bJlVdllGtEeKM=
gopkg.in/check.v1 v0.0.0-20161208181325-20d25e280405/go.mod h1:Co6ibVJAznAaIkqp8huTwlJQCZ016jof/cbN4VW5Yz0=
gopkg.in/yaml.v2 v2.4.0 h1:D8xgwECY7CYvx+Y2n4sBz93Jn9JRvxdiyyo8CTfuKaY=
gopkg.in/yaml.v2 v2.4.0/go.mod h1:RDklbk79AGWmwhnvt/jBztapEOGDOx6ZbXqjP6csGnQ=
